
Microsoft Visual Studio Solution File, Format Version 12.00
# Visual Studio Version 16
VisualStudioVersion = 16.0.30803.129
MinimumVisualStudioVersion = 10.0.40219.1
Project("{9A19103F-16F7-4668-BE54-9A1E7A4F7556}") = "SRP Incorrect", "SRP Incorrect\SRP Incorrect.csproj", "{620E5F7E-9E64-4B68-8177-A13139723244}"
EndProject
Project("{9A19103F-16F7-4668-BE54-9A1E7A4F7556}") = "SRP Correct", "SRP Correct\SRP Correct.csproj", "{BFD78753-0EF7-4744-9ADB-CC5D89E66C72}"
EndProject
Project("{9A19103F-16F7-4668-BE54-9A1E7A4F7556}") = "OCP Correct", "OCP Correct\OCP Correct.csproj", "{379AA769-503D-44CE-A7B2-E710D50A0334}"
EndProject
Project("{9A19103F-16F7-4668-BE54-9A1E7A4F7556}") = "OCP Incorrect", "OCP Incorrect\OCP Incorrect.csproj", "{D3B5D7FB-3BC1-41AE-9811-17BDB31F8FE2}"
EndProject
Project("{FAE04EC0-301F-11D3-BF4B-00C04F79EFBC}") = "LSP Incorrect", "LSP Incorrect\LSP Incorrect.csproj", "{EF0968DD-0DFD-4A79-9468-58B45F424FA3}"
EndProject
Project("{FAE04EC0-301F-11D3-BF4B-00C04F79EFBC}") = "LSP Correct", "LSP Correct\LSP Correct.csproj", "{8CBF7B2F-FFEC-4420-B0F9-0437CBF007E8}"
EndProject
Project("{FAE04EC0-301F-11D3-BF4B-00C04F79EFBC}") = "ISP Incorrect", "ISP Incorrect\ISP Incorrect.csproj", "{AC1BE3B7-8DA2-494A-A803-73C819792666}"
EndProject
Global
	GlobalSection(SolutionConfigurationPlatforms) = preSolution
		Debug|Any CPU = Debug|Any CPU
		Release|Any CPU = Release|Any CPU
	EndGlobalSection
	GlobalSection(ProjectConfigurationPlatforms) = postSolution
		{620E5F7E-9E64-4B68-8177-A13139723244}.Debug|Any CPU.ActiveCfg = Debug|Any CPU
		{620E5F7E-9E64-4B68-8177-A13139723244}.Debug|Any CPU.Build.0 = Debug|Any CPU
		{620E5F7E-9E64-4B68-8177-A13139723244}.Release|Any CPU.ActiveCfg = Release|Any CPU
		{620E5F7E-9E64-4B68-8177-A13139723244}.Release|Any CPU.Build.0 = Release|Any CPU
		{BFD78753-0EF7-4744-9ADB-CC5D89E66C72}.Debug|Any CPU.ActiveCfg = Debug|Any CPU
		{BFD78753-0EF7-4744-9ADB-CC5D89E66C72}.Debug|Any CPU.Build.0 = Debug|Any CPU
		{BFD78753-0EF7-4744-9ADB-CC5D89E66C72}.Release|Any CPU.ActiveCfg = Release|Any CPU
		{BFD78753-0EF7-4744-9ADB-CC5D89E66C72}.Release|Any CPU.Build.0 = Release|Any CPU
		{379AA769-503D-44CE-A7B2-E710D50A0334}.Debug|Any CPU.ActiveCfg = Debug|Any CPU
		{379AA769-503D-44CE-A7B2-E710D50A0334}.Debug|Any CPU.Build.0 = Debug|Any CPU
		{379AA769-503D-44CE-A7B2-E710D50A0334}.Release|Any CPU.ActiveCfg = Release|Any CPU
		{379AA769-503D-44CE-A7B2-E710D50A0334}.Release|Any CPU.Build.0 = Release|Any CPU
		{D3B5D7FB-3BC1-41AE-9811-17BDB31F8FE2}.Debug|Any CPU.ActiveCfg = Debug|Any CPU
		{D3B5D7FB-3BC1-41AE-9811-17BDB31F8FE2}.Debug|Any CPU.Build.0 = Debug|Any CPU
		{D3B5D7FB-3BC1-41AE-9811-17BDB31F8FE2}.Release|Any CPU.ActiveCfg = Release|Any CPU
		{D3B5D7FB-3BC1-41AE-9811-17BDB31F8FE2}.Release|Any CPU.Build.0 = Release|Any CPU
		{EF0968DD-0DFD-4A79-9468-58B45F424FA3}.Debug|Any CPU.ActiveCfg = Debug|Any CPU
		{EF0968DD-0DFD-4A79-9468-58B45F424FA3}.Debug|Any CPU.Build.0 = Debug|Any CPU
		{EF0968DD-0DFD-4A79-9468-58B45F424FA3}.Release|Any CPU.ActiveCfg = Release|Any CPU
		{EF0968DD-0DFD-4A79-9468-58B45F424FA3}.Release|Any CPU.Build.0 = Release|Any CPU
		{8CBF7B2F-FFEC-4420-B0F9-0437CBF007E8}.Debug|Any CPU.ActiveCfg = Debug|Any CPU
		{8CBF7B2F-FFEC-4420-B0F9-0437CBF007E8}.Debug|Any CPU.Build.0 = Debug|Any CPU
		{8CBF7B2F-FFEC-4420-B0F9-0437CBF007E8}.Release|Any CPU.ActiveCfg = Release|Any CPU
		{8CBF7B2F-FFEC-4420-B0F9-0437CBF007E8}.Release|Any CPU.Build.0 = Release|Any CPU
		{AC1BE3B7-8DA2-494A-A803-73C819792666}.Debug|Any CPU.ActiveCfg = Debug|Any CPU
		{AC1BE3B7-8DA2-494A-A803-73C819792666}.Debug|Any CPU.Build.0 = Debug|Any CPU
		{AC1BE3B7-8DA2-494A-A803-73C819792666}.Release|Any CPU.ActiveCfg = Release|Any CPU
		{AC1BE3B7-8DA2-494A-A803-73C819792666}.Release|Any CPU.Build.0 = Release|Any CPU
	EndGlobalSection
	GlobalSection(SolutionProperties) = preSolution
		HideSolutionNode = FALSE
	EndGlobalSection
	GlobalSection(ExtensibilityGlobals) = postSolution
		SolutionGuid = {4B04A62E-3B26-4AEB-AAF8-9CDBEE085158}
	EndGlobalSection
EndGlobal
